
Microsoft Visual Studio Solution File, Format Version 12.00
# Visual Studio Version 17
VisualStudioVersion = 17.14.35906.104 d17.14
MinimumVisualStudioVersion = 10.0.40219.1
Project("{FAE04EC0-301F-11D3-BF4B-00C04F79EFBC}") = "WinFormsApp31_03", "WinFormsApp31_03\WinFormsApp31_03.csproj", "{75B505B8-C587-4F26-89B2-D667BB840FFE}"
EndProject
Global
	GlobalSection(SolutionConfigurationPlatforms) = preSolution
		Debug|Any CPU = Debug|Any CPU
		Release|Any CPU = Release|Any CPU
	EndGlobalSection
	GlobalSection(ProjectConfigurationPlatforms) = postSolution
		{75B505B8-C587-4F26-89B2-D667BB840FFE}.Debug|Any CPU.ActiveCfg = Debug|Any CPU
		{75B505B8-C587-4F26-89B2-D667BB840FFE}.Debug|Any CPU.Build.0 = Debug|Any CPU
		{75B505B8-C587-4F26-89B2-D667BB840FFE}.Release|Any CPU.ActiveCfg = Release|Any CPU
		{75B505B8-C587-4F26-89B2-D667BB840FFE}.Release|Any CPU.Build.0 = Release|Any CPU
	EndGlobalSection
	GlobalSection(SolutionProperties) = preSolution
		HideSolutionNode = FALSE
	EndGlobalSection
	GlobalSection(ExtensibilityGlobals) = postSolution
		SolutionGuid = {70F7E6E4-ACB6-4242-8BC4-7C6CE189F08D}
	EndGlobalSection
EndGlobal
